// !$*UTF8*$!
{
	archiveVersion = 1;
	classes = {
	};
	objectVersion = 52;
	objects = {

/* Begin PBXBuildFile section */
		5E149A2A26649D7B00B660B3 /* AppDelegate.swift in Sources */ = {isa = PBXBuildFile; fileRef = 5E149A2926649D7B00B660B3 /* AppDelegate.swift */; };
		5E149A2C26649D7B00B660B3 /* SceneDelegate.swift in Sources */ = {isa = PBXBuildFile; fileRef = 5E149A2B26649D7B00B660B3 /* SceneDelegate.swift */; };
		5E149A2E26649D7B00B660B3 /* ViewController.swift in Sources */ = {isa = PBXBuildFile; fileRef = 5E149A2D26649D7B00B660B3 /* ViewController.swift */; };
		5E149A3126649D7B00B660B3 /* Main.storyboard in Resources */ = {isa = PBXBuildFile; fileRef = 5E149A2F26649D7B00B660B3 /* Main.storyboard */; };
		5E149A3326649D7E00B660B3 /* Assets.xcassets in Resources */ = {isa = PBXBuildFile; fileRef = 5E149A3226649D7E00B660B3 /* Assets.xcassets */; };
		5E149A3626649D7E00B660B3 /* LaunchScreen.storyboard in Resources */ = {isa = PBXBuildFile; fileRef = 5E149A3426649D7E00B660B3 /* LaunchScreen.storyboard */; };
		5E149A4126649D7F00B660B3 /* Combine_Networking_LabTests.swift in Sources */ = {isa = PBXBuildFile; fileRef = 5E149A4026649D7F00B660B3 /* Combine_Networking_LabTests.swift */; };
		5E149A4C26649D7F00B660B3 /* Combine_Networking_LabUITests.swift in Sources */ = {isa = PBXBuildFile; fileRef = 5E149A4B26649D7F00B660B3 /* Combine_Networking_LabUITests.swift */; };
		5E149A612664B80B00B660B3 /* Then in Frameworks */ = {isa = PBXBuildFile; productRef = 5E149A602664B80B00B660B3 /* Then */; };
		5E149A662664BCEC00B660B3 /* TinyConstraints in Frameworks */ = {isa = PBXBuildFile; productRef = 5E149A652664BCEC00B660B3 /* TinyConstraints */; };
		5E149A682664BCFE00B660B3 /* ItemView.swift in Sources */ = {isa = PBXBuildFile; fileRef = 5E149A672664BCFE00B660B3 /* ItemView.swift */; };
		5E5F0FFC2665FA990016B91D /* ItemViewModel.swift in Sources */ = {isa = PBXBuildFile; fileRef = 5E5F0FFB2665FA990016B91D /* ItemViewModel.swift */; };
/* End PBXBuildFile section */

/* Begin PBXContainerItemProxy section */
		5E149A3D26649D7F00B660B3 /* PBXContainerItemProxy */ = {
			isa = PBXContainerItemProxy;
			containerPortal = 5E149A1E26649D7B00B660B3 /* Project object */;
			proxyType = 1;
			remoteGlobalIDString = 5E149A2526649D7B00B660B3;
			remoteInfo = "Combine Networking Lab";
		};
		5E149A4826649D7F00B660B3 /* PBXContainerItemProxy */ = {
			isa = PBXContainerItemProxy;
			containerPortal = 5E149A1E26649D7B00B660B3 /* Project object */;
			proxyType = 1;
			remoteGlobalIDString = 5E149A2526649D7B00B660B3;
			remoteInfo = "Combine Networking Lab";
		};
/* End PBXContainerItemProxy section */

/* Begin PBXFileReference section */
		5E149A2626649D7B00B660B3 /* Combine Networking Lab.app */ = {isa = PBXFileReference; explicitFileType = wrapper.application; includeInIndex = 0; path = "Combine Networking Lab.app"; sourceTree = BUILT_PRODUCTS_DIR; };
		5E149A2926649D7B00B660B3 /* AppDelegate.swift */ = {isa = PBXFileReference; lastKnownFileType = sourcecode.swift; path = AppDelegate.swift; sourceTree = "<group>"; };
		5E149A2B26649D7B00B660B3 /* SceneDelegate.swift */ = {isa = PBXFileReference; lastKnownFileType = sourcecode.swift; path = SceneDelegate.swift; sourceTree = "<group>"; };
		5E149A2D26649D7B00B660B3 /* ViewController.swift */ = {isa = PBXFileReference; lastKnownFileType = sourcecode.swift; path = ViewController.swift; sourceTree = "<group>"; };
		5E149A3026649D7B00B660B3 /* Base */ = {isa = PBXFileReference; lastKnownFileType = file.storyboard; name = Base; path = Base.lproj/Main.storyboard; sourceTree = "<group>"; };
		5E149A3226649D7E00B660B3 /* Assets.xcassets */ = {isa = PBXFileReference; lastKnownFileType = folder.assetcatalog; path = Assets.xcassets; sourceTree = "<group>"; };
		5E149A3526649D7E00B660B3 /* Base */ = {isa = PBXFileReference; lastKnownFileType = file.storyboard; name = Base; path = Base.lproj/LaunchScreen.storyboard; sourceTree = "<group>"; };
		5E149A3726649D7E00B660B3 /* Info.plist */ = {isa = PBXFileReference; lastKnownFileType = text.plist.xml; path = Info.plist; sourceTree = "<group>"; };
		5E149A3C26649D7F00B660B3 /* Combine Networking LabTests.xctest */ = {isa = PBXFileReference; explicitFileType = wrapper.cfbundle; includeInIndex = 0; path = "Combine Networking LabTests.xctest"; sourceTree = BUILT_PRODUCTS_DIR; };
		5E149A4026649D7F00B660B3 /* Combine_Networking_LabTests.swift */ = {isa = PBXFileReference; lastKnownFileType = sourcecode.swift; path = Combine_Networking_LabTests.swift; sourceTree = "<group>"; };
		5E149A4226649D7F00B660B3 /* Info.plist */ = {isa = PBXFileReference; lastKnownFileType = text.plist.xml; path = Info.plist; sourceTree = "<group>"; };
		5E149A4726649D7F00B660B3 /* Combine Networking LabUITests.xctest */ = {isa = PBXFileReference; explicitFileType = wrapper.cfbundle; includeInIndex = 0; path = "Combine Networking LabUITests.xctest"; sourceTree = BUILT_PRODUCTS_DIR; };
		5E149A4B26649D7F00B660B3 /* Combine_Networking_LabUITests.swift */ = {isa = PBXFileReference; lastKnownFileType = sourcecode.swift; path = Combine_Networking_LabUITests.swift; sourceTree = "<group>"; };
		5E149A4D26649D7F00B660B3 /* Info.plist */ = {isa = PBXFileReference; lastKnownFileType = text.plist.xml; path = Info.plist; sourceTree = "<group>"; };
		5E149A672664BCFE00B660B3 /* ItemView.swift */ = {isa = PBXFileReference; lastKnownFileType = sourcecode.swift; path = ItemView.swift; sourceTree = "<group>"; };
		5E5F0FFB2665FA990016B91D /* ItemViewModel.swift */ = {isa = PBXFileReference; lastKnownFileType = sourcecode.swift; path = ItemViewModel.swift; sourceTree = "<group>"; };
/* End PBXFileReference section */

/* Begin PBXFrameworksBuildPhase section */
		5E149A2326649D7B00B660B3 /* Frameworks */ = {
			isa = PBXFrameworksBuildPhase;
			buildActionMask = 2147483647;
			files = (
				5E149A612664B80B00B660B3 /* Then in Frameworks */,
				5E149A662664BCEC00B660B3 /* TinyConstraints in Frameworks */,
			);
			runOnlyForDeploymentPostprocessing = 0;
		};
		5E149A3926649D7F00B660B3 /* Frameworks */ = {
			isa = PBXFrameworksBuildPhase;
			buildActionMask = 2147483647;
			files = (
			);
			runOnlyForDeploymentPostprocessing = 0;
		};
		5E149A4426649D7F00B660B3 /* Frameworks */ = {
			isa = PBXFrameworksBuildPhase;
			buildActionMask = 2147483647;
			files = (
			);
			runOnlyForDeploymentPostprocessing = 0;
		};
/* End PBXFrameworksBuildPhase section */

/* Begin PBXGroup section */
		5E149A1D26649D7B00B660B3 = {
			isa = PBXGroup;
			children = (
				5E149A2826649D7B00B660B3 /* Combine Networking Lab */,
				5E149A3F26649D7F00B660B3 /* Combine Networking LabTests */,
				5E149A4A26649D7F00B660B3 /* Combine Networking LabUITests */,
				5E149A2726649D7B00B660B3 /* Products */,
			);
			sourceTree = "<group>";
		};
		5E149A2726649D7B00B660B3 /* Products */ = {
			isa = PBXGroup;
			children = (
				5E149A2626649D7B00B660B3 /* Combine Networking Lab.app */,
				5E149A3C26649D7F00B660B3 /* Combine Networking LabTests.xctest */,
				5E149A4726649D7F00B660B3 /* Combine Networking LabUITests.xctest */,
			);
			name = Products;
			sourceTree = "<group>";
		};
		5E149A2826649D7B00B660B3 /* Combine Networking Lab */ = {
			isa = PBXGroup;
			children = (
				5E149A5A26649F0200B660B3 /* App */,
				5E149A5C26649F3900B660B3 /* Views */,
				5E149A5B26649F1700B660B3 /* Supporting Files */,
			);
			path = "Combine Networking Lab";
			sourceTree = "<group>";
		};
		5E149A3F26649D7F00B660B3 /* Combine Networking LabTests */ = {
			isa = PBXGroup;
			children = (
				5E149A4026649D7F00B660B3 /* Combine_Networking_LabTests.swift */,
				5E149A4226649D7F00B660B3 /* Info.plist */,
			);
			path = "Combine Networking LabTests";
			sourceTree = "<group>";
		};
		5E149A4A26649D7F00B660B3 /* Combine Networking LabUITests */ = {
			isa = PBXGroup;
			children = (
				5E149A4B26649D7F00B660B3 /* Combine_Networking_LabUITests.swift */,
				5E149A4D26649D7F00B660B3 /* Info.plist */,
			);
			path = "Combine Networking LabUITests";
			sourceTree = "<group>";
		};
		5E149A5A26649F0200B660B3 /* App */ = {
			isa = PBXGroup;
			children = (
				5E149A2926649D7B00B660B3 /* AppDelegate.swift */,
				5E149A2B26649D7B00B660B3 /* SceneDelegate.swift */,
			);
			path = App;
			sourceTree = "<group>";
		};
		5E149A5B26649F1700B660B3 /* Supporting Files */ = {
			isa = PBXGroup;
			children = (
				5E149A3226649D7E00B660B3 /* Assets.xcassets */,
				5E149A3426649D7E00B660B3 /* LaunchScreen.storyboard */,
				5E149A3726649D7E00B660B3 /* Info.plist */,
			);
			name = "Supporting Files";
			sourceTree = "<group>";
		};
		5E149A5C26649F3900B660B3 /* Views */ = {
			isa = PBXGroup;
			children = (
				5E149A2F26649D7B00B660B3 /* Main.storyboard */,
				5E149A2D26649D7B00B660B3 /* ViewController.swift */,
				5E149A672664BCFE00B660B3 /* ItemView.swift */,
				5E5F0FFB2665FA990016B91D /* ItemViewModel.swift */,
			);
			path = Views;
			sourceTree = "<group>";
		};
/* End PBXGroup section */

/* Begin PBXNativeTarget section */
		5E149A2526649D7B00B660B3 /* Combine Networking Lab */ = {
			isa = PBXNativeTarget;
			buildConfigurationList = 5E149A5026649D7F00B660B3 /* Build configuration list for PBXNativeTarget "Combine Networking Lab" */;
			buildPhases = (
				5E149A2226649D7B00B660B3 /* Sources */,
				5E149A2326649D7B00B660B3 /* Frameworks */,
				5E149A2426649D7B00B660B3 /* Resources */,
			);
			buildRules = (
			);
			dependencies = (
			);
			name = "Combine Networking Lab";
			packageProductDependencies = (
				5E149A602664B80B00B660B3 /* Then */,
				5E149A652664BCEC00B660B3 /* TinyConstraints */,
			);
			productName = "Combine Networking Lab";
			productReference = 5E149A2626649D7B00B660B3 /* Combine Networking Lab.app */;
			productType = "com.apple.product-type.application";
		};
		5E149A3B26649D7F00B660B3 /* Combine Networking LabTests */ = {
			isa = PBXNativeTarget;
			buildConfigurationList = 5E149A5326649D7F00B660B3 /* Build configuration list for PBXNativeTarget "Combine Networking LabTests" */;
			buildPhases = (
				5E149A3826649D7F00B660B3 /* Sources */,
				5E149A3926649D7F00B660B3 /* Frameworks */,
				5E149A3A26649D7F00B660B3 /* Resources */,
			);
			buildRules = (
			);
			dependencies = (
				5E149A3E26649D7F00B660B3 /* PBXTargetDependency */,
			);
			name = "Combine Networking LabTests";
			productName = "Combine Networking LabTests";
			productReference = 5E149A3C26649D7F00B660B3 /* Combine Networking LabTests.xctest */;
			productType = "com.apple.product-type.bundle.unit-test";
		};
		5E149A4626649D7F00B660B3 /* Combine Networking LabUITests */ = {
			isa = PBXNativeTarget;
			buildConfigurationList = 5E149A5626649D7F00B660B3 /* Build configuration list for PBXNativeTarget "Combine Networking LabUITests" */;
			buildPhases = (
				5E149A4326649D7F00B660B3 /* Sources */,
				5E149A4426649D7F00B660B3 /* Frameworks */,
				5E149A4526649D7F00B660B3 /* Resources */,
			);
			buildRules = (
			);
			dependencies = (
				5E149A4926649D7F00B660B3 /* PBXTargetDependency */,
			);
			name = "Combine Networking LabUITests";
			productName = "Combine Networking LabUITests";
			productReference = 5E149A4726649D7F00B660B3 /* Combine Networking LabUITests.xctest */;
			productType = "com.apple.product-type.bundle.ui-testing";
		};
/* End PBXNativeTarget section */

/* Begin PBXProject section */
		5E149A1E26649D7B00B660B3 /* Project object */ = {
			isa = PBXProject;
			attributes = {
				LastSwiftUpdateCheck = 1250;
				LastUpgradeCheck = 1250;
				TargetAttributes = {
					5E149A2526649D7B00B660B3 = {
						CreatedOnToolsVersion = 12.5;
					};
					5E149A3B26649D7F00B660B3 = {
						CreatedOnToolsVersion = 12.5;
						TestTargetID = 5E149A2526649D7B00B660B3;
					};
					5E149A4626649D7F00B660B3 = {
						CreatedOnToolsVersion = 12.5;
						TestTargetID = 5E149A2526649D7B00B660B3;
					};
				};
			};
			buildConfigurationList = 5E149A2126649D7B00B660B3 /* Build configuration list for PBXProject "Combine Networking Lab" */;
			compatibilityVersion = "Xcode 9.3";
			developmentRegion = en;
			hasScannedForEncodings = 0;
			knownRegions = (
				en,
				Base,
			);
			mainGroup = 5E149A1D26649D7B00B660B3;
			packageReferences = (
				5E149A5F2664B80B00B660B3 /* XCRemoteSwiftPackageReference "Then" */,
				5E149A642664BCEC00B660B3 /* XCRemoteSwiftPackageReference "TinyConstraints" */,
			);
			productRefGroup = 5E149A2726649D7B00B660B3 /* Products */;
			projectDirPath = "";
			projectRoot = "";
			targets = (
				5E149A2526649D7B00B660B3 /* Combine Networking Lab */,
				5E149A3B26649D7F00B660B3 /* Combine Networking LabTests */,
				5E149A4626649D7F00B660B3 /* Combine Networking LabUITests */,
			);
		};
/* End PBXProject section */

/* Begin PBXResourcesBuildPhase section */
		5E149A2426649D7B00B660B3 /* Resources */ = {
			isa = PBXResourcesBuildPhase;
			buildActionMask = 2147483647;
			files = (
				5E149A3626649D7E00B660B3 /* LaunchScreen.storyboard in Resources */,
				5E149A3326649D7E00B660B3 /* Assets.xcassets in Resources */,
				5E149A3126649D7B00B660B3 /* Main.storyboard in Resources */,
			);
			runOnlyForDeploymentPostprocessing = 0;
		};
		5E149A3A26649D7F00B660B3 /* Resources */ = {
			isa = PBXResourcesBuildPhase;
			buildActionMask = 2147483647;
			files = (
			);
			runOnlyForDeploymentPostprocessing = 0;
		};
		5E149A4526649D7F00B660B3 /* Resources */ = {
			isa = PBXResourcesBuildPhase;
			buildActionMask = 2147483647;
			files = (
			);
			runOnlyForDeploymentPostprocessing = 0;
		};
/* End PBXResourcesBuildPhase section */

/* Begin PBXSourcesBuildPhase section */
		5E149A2226649D7B00B660B3 /* Sources */ = {
			isa = PBXSourcesBuildPhase;
			buildActionMask = 2147483647;
			files = (
				5E149A2E26649D7B00B660B3 /* ViewController.swift in Sources */,
				5E149A2A26649D7B00B660B3 /* AppDelegate.swift in Sources */,
				5E149A2C26649D7B00B660B3 /* SceneDelegate.swift in Sources */,
				5E5F0FFC2665FA990016B91D /* ItemViewModel.swift in Sources */,
				5E149A682664BCFE00B660B3 /* ItemView.swift in Sources */,
			);
			runOnlyForDeploymentPostprocessing = 0;
		};
		5E149A3826649D7F00B660B3 /* Sources */ = {
			isa = PBXSourcesBuildPhase;
			buildActionMask = 2147483647;
			files = (
				5E149A4126649D7F00B660B3 /* Combine_Networking_LabTests.swift in Sources */,
			);
			runOnlyForDeploymentPostprocessing = 0;
		};
		5E149A4326649D7F00B660B3 /* Sources */ = {
			isa = PBXSourcesBuildPhase;
			buildActionMask = 2147483647;
			files = (
				5E149A4C26649D7F00B660B3 /* Combine_Networking_LabUITests.swift in Sources */,
			);
			runOnlyForDeploymentPostprocessing = 0;
		};
/* End PBXSourcesBuildPhase section */

/* Begin PBXTargetDependency section */
		5E149A3E26649D7F00B660B3 /* PBXTargetDependency */ = {
			isa = PBXTargetDependency;
			target = 5E149A2526649D7B00B660B3 /* Combine Networking Lab */;
			targetProxy = 5E149A3D26649D7F00B660B3 /* PBXContainerItemProxy */;
		};
		5E149A4926649D7F00B660B3 /* PBXTargetDependency */ = {
			isa = PBXTargetDependency;
			target = 5E149A2526649D7B00B660B3 /* Combine Networking Lab */;
			targetProxy = 5E149A4826649D7F00B660B3 /* PBXContainerItemProxy */;
		};
/* End PBXTargetDependency section */

/* Begin PBXVariantGroup section */
		5E149A2F26649D7B00B660B3 /* Main.storyboard */ = {
			isa = PBXVariantGroup;
			children = (
				5E149A3026649D7B00B660B3 /* Base */,
			);
			name = Main.storyboard;
			sourceTree = "<group>";
		};
		5E149A3426649D7E00B660B3 /* LaunchScreen.storyboard */ = {
			isa = PBXVariantGroup;
			children = (
				5E149A3526649D7E00B660B3 /* Base */,
			);
			name = LaunchScreen.storyboard;
			sourceTree = "<group>";
		};
/* End PBXVariantGroup section */

/* Begin XCBuildConfiguration section */
		5E149A4E26649D7F00B660B3 /* Debug */ = {
			isa = XCBuildConfiguration;
			buildSettings = {
				ALWAYS_SEARCH_USER_PATHS = NO;
				CLANG_ANALYZER_NONNULL = YES;
				CLANG_ANALYZER_NUMBER_OBJECT_CONVERSION = YES_AGGRESSIVE;
				CLANG_CXX_LANGUAGE_STANDARD = "gnu++14";
				CLANG_CXX_LIBRARY = "libc++";
				CLANG_ENABLE_MODULES = YES;
				CLANG_ENABLE_OBJC_ARC = YES;
				CLANG_ENABLE_OBJC_WEAK = YES;
				CLANG_WARN_BLOCK_CAPTURE_AUTORELEASING = YES;
				CLANG_WARN_BOOL_CONVERSION = YES;
				CLANG_WARN_COMMA = YES;
				CLANG_WARN_CONSTANT_CONVERSION = YES;
				CLANG_WARN_DEPRECATED_OBJC_IMPLEMENTATIONS = YES;
				CLANG_WARN_DIRECT_OBJC_ISA_USAGE = YES_ERROR;
				CLANG_WARN_DOCUMENTATION_COMMENTS = YES;
				CLANG_WARN_EMPTY_BODY = YES;
				CLANG_WARN_ENUM_CONVERSION = YES;
				CLANG_WARN_INFINITE_RECURSION = YES;
				CLANG_WARN_INT_CONVERSION = YES;
				CLANG_WARN_NON_LITERAL_NULL_CONVERSION = YES;
				CLANG_WARN_OBJC_IMPLICIT_RETAIN_SELF = YES;
				CLANG_WARN_OBJC_LITERAL_CONVERSION = YES;
				CLANG_WARN_OBJC_ROOT_CLASS = YES_ERROR;
				CLANG_WARN_QUOTED_INCLUDE_IN_FRAMEWORK_HEADER = YES;
				CLANG_WARN_RANGE_LOOP_ANALYSIS = YES;
				CLANG_WARN_STRICT_PROTOTYPES = YES;
				CLANG_WARN_SUSPICIOUS_MOVE = YES;
				CLANG_WARN_UNGUARDED_AVAILABILITY = YES_AGGRESSIVE;
				CLANG_WARN_UNREACHABLE_CODE = YES;
				CLANG_WARN__DUPLICATE_METHOD_MATCH = YES;
				COPY_PHASE_STRIP = NO;
				DEBUG_INFORMATION_FORMAT = dwarf;
				ENABLE_STRICT_OBJC_MSGSEND = YES;
				ENABLE_TESTABILITY = YES;
				GCC_C_LANGUAGE_STANDARD = gnu11;
				GCC_DYNAMIC_NO_PIC = NO;
				GCC_NO_COMMON_BLOCKS = YES;
				GCC_OPTIMIZATION_LEVEL = 0;
				GCC_PREPROCESSOR_DEFINITIONS = (
					"DEBUG=1",
					"$(inherited)",
				);
				GCC_WARN_64_TO_32_BIT_CONVERSION = YES;
				GCC_WARN_ABOUT_RETURN_TYPE = YES_ERROR;
				GCC_WARN_UNDECLARED_SELECTOR = YES;
				GCC_WARN_UNINITIALIZED_AUTOS = YES_AGGRESSIVE;
				GCC_WARN_UNUSED_FUNCTION = YES;
				GCC_WARN_UNUSED_VARIABLE = YES;
				IPHONEOS_DEPLOYMENT_TARGET = 14.5;
				MTL_ENABLE_DEBUG_INFO = INCLUDE_SOURCE;
				MTL_FAST_MATH = YES;
				ONLY_ACTIVE_ARCH = YES;
				SDKROOT = iphoneos;
				SWIFT_ACTIVE_COMPILATION_CONDITIONS = DEBUG;
				SWIFT_OPTIMIZATION_LEVEL = "-Onone";
			};
			name = Debug;
		};
		5E149A4F26649D7F00B660B3 /* Release */ = {
			isa = XCBuildConfiguration;
			buildSettings = {
				ALWAYS_SEARCH_USER_PATHS = NO;
				CLANG_ANALYZER_NONNULL = YES;
				CLANG_ANALYZER_NUMBER_OBJECT_CONVERSION = YES_AGGRESSIVE;
				CLANG_CXX_LANGUAGE_STANDARD = "gnu++14";
				CLANG_CXX_LIBRARY = "libc++";
				CLANG_ENABLE_MODULES = YES;
				CLANG_ENABLE_OBJC_ARC = YES;
				CLANG_ENABLE_OBJC_WEAK = YES;
				CLANG_WARN_BLOCK_CAPTURE_AUTORELEASING = YES;
				CLANG_WARN_BOOL_CONVERSION = YES;
				CLANG_WARN_COMMA = YES;
				CLANG_WARN_CONSTANT_CONVERSION = YES;
				CLANG_WARN_DEPRECATED_OBJC_IMPLEMENTATIONS = YES;
				CLANG_WARN_DIRECT_OBJC_ISA_USAGE = YES_ERROR;
				CLANG_WARN_DOCUMENTATION_COMMENTS = YES;
				CLANG_WARN_EMPTY_BODY = YES;
				CLANG_WARN_ENUM_CONVERSION = YES;
				CLANG_WARN_INFINITE_RECURSION = YES;
				CLANG_WARN_INT_CONVERSION = YES;
				CLANG_WARN_NON_LITERAL_NULL_CONVERSION = YES;
				CLANG_WARN_OBJC_IMPLICIT_RETAIN_SELF = YES;
				CLANG_WARN_OBJC_LITERAL_CONVERSION = YES;
				CLANG_WARN_OBJC_ROOT_CLASS = YES_ERROR;
				CLANG_WARN_QUOTED_INCLUDE_IN_FRAMEWORK_HEADER = YES;
				CLANG_WARN_RANGE_LOOP_ANALYSIS = YES;
				CLANG_WARN_STRICT_PROTOTYPES = YES;
				CLANG_WARN_SUSPICIOUS_MOVE = YES;
				CLANG_WARN_UNGUARDED_AVAILABILITY = YES_AGGRESSIVE;
				CLANG_WARN_UNREACHABLE_CODE = YES;
				CLANG_WARN__DUPLICATE_METHOD_MATCH = YES;
				COPY_PHASE_STRIP = NO;
				DEBUG_INFORMATION_FORMAT = "dwarf-with-dsym";
				ENABLE_NS_ASSERTIONS = NO;
				ENABLE_STRICT_OBJC_MSGSEND = YES;
				GCC_C_LANGUAGE_STANDARD = gnu11;
				GCC_NO_COMMON_BLOCKS = YES;
				GCC_WARN_64_TO_32_BIT_CONVERSION = YES;
				GCC_WARN_ABOUT_RETURN_TYPE = YES_ERROR;
				GCC_WARN_UNDECLARED_SELECTOR = YES;
				GCC_WARN_UNINITIALIZED_AUTOS = YES_AGGRESSIVE;
				GCC_WARN_UNUSED_FUNCTION = YES;
				GCC_WARN_UNUSED_VARIABLE = YES;
				IPHONEOS_DEPLOYMENT_TARGET = 14.5;
				MTL_ENABLE_DEBUG_INFO = NO;
				MTL_FAST_MATH = YES;
				SDKROOT = iphoneos;
				SWIFT_COMPILATION_MODE = wholemodule;
				SWIFT_OPTIMIZATION_LEVEL = "-O";
				VALIDATE_PRODUCT = YES;
			};
			name = Release;
		};
		5E149A5126649D7F00B660B3 /* Debug */ = {
			isa = XCBuildConfiguration;
			buildSettings = {
				ASSETCATALOG_COMPILER_APPICON_NAME = AppIcon;
				ASSETCATALOG_COMPILER_GLOBAL_ACCENT_COLOR_NAME = AccentColor;
				CODE_SIGN_STYLE = Automatic;
				DEVELOPMENT_TEAM = 7B3ZDQVLSW;
				INFOPLIST_FILE = "Combine Networking Lab/Info.plist";
				LD_RUNPATH_SEARCH_PATHS = (
					"$(inherited)",
					"@executable_path/Frameworks",
				);
				PRODUCT_BUNDLE_IDENTIFIER = "com.cch0074.Combine-Networking-Lab";
				PRODUCT_NAME = "$(TARGET_NAME)";
				SWIFT_VERSION = 5.0;
				TARGETED_DEVICE_FAMILY = "1,2";
			};
			name = Debug;
		};
		5E149A5226649D7F00B660B3 /* Release */ = {
			isa = XCBuildConfiguration;
			buildSettings = {
				ASSETCATALOG_COMPILER_APPICON_NAME = AppIcon;
				ASSETCATALOG_COMPILER_GLOBAL_ACCENT_COLOR_NAME = AccentColor;
				CODE_SIGN_STYLE = Automatic;
				DEVELOPMENT_TEAM = 7B3ZDQVLSW;
				INFOPLIST_FILE = "Combine Networking Lab/Info.plist";
				LD_RUNPATH_SEARCH_PATHS = (
					"$(inherited)",
					"@executable_path/Frameworks",
				);
				PRODUCT_BUNDLE_IDENTIFIER = "com.cch0074.Combine-Networking-Lab";
				PRODUCT_NAME = "$(TARGET_NAME)";
				SWIFT_VERSION = 5.0;
				TARGETED_DEVICE_FAMILY = "1,2";
			};
			name = Release;
		};
		5E149A5426649D7F00B660B3 /* Debug */ = {
			isa = XCBuildConfiguration;
			buildSettings = {
				ALWAYS_EMBED_SWIFT_STANDARD_LIBRARIES = YES;
				BUNDLE_LOADER = "$(TEST_HOST)";
				CODE_SIGN_STYLE = Automatic;
				DEVELOPMENT_TEAM = 7B3ZDQVLSW;
				INFOPLIST_FILE = "Combine Networking LabTests/Info.plist";
				IPHONEOS_DEPLOYMENT_TARGET = 14.5;
				LD_RUNPATH_SEARCH_PATHS = (
					"$(inherited)",
					"@executable_path/Frameworks",
					"@loader_path/Frameworks",
				);
				PRODUCT_BUNDLE_IDENTIFIER = "com.cch0074.Combine-Networking-LabTests";
				PRODUCT_NAME = "$(TARGET_NAME)";
				SWIFT_VERSION = 5.0;
				TARGETED_DEVICE_FAMILY = "1,2";
				TEST_HOST = "$(BUILT_PRODUCTS_DIR)/Combine Networking Lab.app/Combine Networking Lab";
			};
			name = Debug;
		};
		5E149A5526649D7F00B660B3 /* Release */ = {
			isa = XCBuildConfiguration;
			buildSettings = {
				ALWAYS_EMBED_SWIFT_STANDARD_LIBRARIES = YES;
				BUNDLE_LOADER = "$(TEST_HOST)";
				CODE_SIGN_STYLE = Automatic;
				DEVELOPMENT_TEAM = 7B3ZDQVLSW;
				INFOPLIST_FILE = "Combine Networking LabTests/Info.plist";
				IPHONEOS_DEPLOYMENT_TARGET = 14.5;
				LD_RUNPATH_SEARCH_PATHS = (
					"$(inherited)",
					"@executable_path/Frameworks",
					"@loader_path/Frameworks",
				);
				PRODUCT_BUNDLE_IDENTIFIER = "com.cch0074.Combine-Networking-LabTests";
				PRODUCT_NAME = "$(TARGET_NAME)";
				SWIFT_VERSION = 5.0;
				TARGETED_DEVICE_FAMILY = "1,2";
				TEST_HOST = "$(BUILT_PRODUCTS_DIR)/Combine Networking Lab.app/Combine Networking Lab";
			};
			name = Release;
		};
		5E149A5726649D7F00B660B3 /* Debug */ = {
			isa = XCBuildConfiguration;
			buildSettings = {
				ALWAYS_EMBED_SWIFT_STANDARD_LIBRARIES = YES;
				CODE_SIGN_STYLE = Automatic;
				DEVELOPMENT_TEAM = 7B3ZDQVLSW;
				INFOPLIST_FILE = "Combine Networking LabUITests/Info.plist";
				LD_RUNPATH_SEARCH_PATHS = (
					"$(inherited)",
					"@executable_path/Frameworks",
					"@loader_path/Frameworks",
				);
				PRODUCT_BUNDLE_IDENTIFIER = "com.cch0074.Combine-Networking-LabUITests";
				PRODUCT_NAME = "$(TARGET_NAME)";
				SWIFT_VERSION = 5.0;
				TARGETED_DEVICE_FAMILY = "1,2";
				TEST_TARGET_NAME = "Combine Networking Lab";
			};
			name = Debug;
		};
		5E149A5826649D7F00B660B3 /* Release */ = {
			isa = XCBuildConfiguration;
			buildSettings = {
				ALWAYS_EMBED_SWIFT_STANDARD_LIBRARIES = YES;
				CODE_SIGN_STYLE = Automatic;
				DEVELOPMENT_TEAM = 7B3ZDQVLSW;
				INFOPLIST_FILE = "Combine Networking LabUITests/Info.plist";
				LD_RUNPATH_SEARCH_PATHS = (
					"$(inherited)",
					"@executable_path/Frameworks",
					"@loader_path/Frameworks",
				);
				PRODUCT_BUNDLE_IDENTIFIER = "com.cch0074.Combine-Networking-LabUITests";
				PRODUCT_NAME = "$(TARGET_NAME)";
				SWIFT_VERSION = 5.0;
				TARGETED_DEVICE_FAMILY = "1,2";
				TEST_TARGET_NAME = "Combine Networking Lab";
			};
			name = Release;
		};
/* End XCBuildConfiguration section */

/* Begin XCConfigurationList section */
		5E149A2126649D7B00B660B3 /* Build configuration list for PBXProject "Combine Networking Lab" */ = {
			isa = XCConfigurationList;
			buildConfigurations = (
				5E149A4E26649D7F00B660B3 /* Debug */,
				5E149A4F26649D7F00B660B3 /* Release */,
			);
			defaultConfigurationIsVisible = 0;
			defaultConfigurationName = Release;
		};
		5E149A5026649D7F00B660B3 /* Build configuration list for PBXNativeTarget "Combine Networking Lab" */ = {
			isa = XCConfigurationList;
			buildConfigurations = (
				5E149A5126649D7F00B660B3 /* Debug */,
				5E149A5226649D7F00B660B3 /* Release */,
			);
			defaultConfigurationIsVisible = 0;
			defaultConfigurationName = Release;
		};
		5E149A5326649D7F00B660B3 /* Build configuration list for PBXNativeTarget "Combine Networking LabTests" */ = {
			isa = XCConfigurationList;
			buildConfigurations = (
				5E149A5426649D7F00B660B3 /* Debug */,
				5E149A5526649D7F00B660B3 /* Release */,
			);
			defaultConfigurationIsVisible = 0;
			defaultConfigurationName = Release;
		};
		5E149A5626649D7F00B660B3 /* Build configuration list for PBXNativeTarget "Combine Networking LabUITests" */ = {
			isa = XCConfigurationList;
			buildConfigurations = (
				5E149A5726649D7F00B660B3 /* Debug */,
				5E149A5826649D7F00B660B3 /* Release */,
			);
			defaultConfigurationIsVisible = 0;
			defaultConfigurationName = Release;
		};
/* End XCConfigurationList section */

/* Begin XCRemoteSwiftPackageReference section */
		5E149A5F2664B80B00B660B3 /* XCRemoteSwiftPackageReference "Then" */ = {
			isa = XCRemoteSwiftPackageReference;
			repositoryURL = "https://github.com/devxoul/Then";
			requirement = {
				kind = upToNextMajorVersion;
				minimumVersion = 2.7.0;
			};
		};
		5E149A642664BCEC00B660B3 /* XCRemoteSwiftPackageReference "TinyConstraints" */ = {
			isa = XCRemoteSwiftPackageReference;
			repositoryURL = "https://github.com/roberthein/TinyConstraints.git";
			requirement = {
				kind = upToNextMajorVersion;
				minimumVersion = 4.0.1;
			};
		};
/* End XCRemoteSwiftPackageReference section */

/* Begin XCSwiftPackageProductDependency section */
		5E149A602664B80B00B660B3 /* Then */ = {
			isa = XCSwiftPackageProductDependency;
			package = 5E149A5F2664B80B00B660B3 /* XCRemoteSwiftPackageReference "Then" */;
			productName = Then;
		};
		5E149A652664BCEC00B660B3 /* TinyConstraints */ = {
			isa = XCSwiftPackageProductDependency;
			package = 5E149A642664BCEC00B660B3 /* XCRemoteSwiftPackageReference "TinyConstraints" */;
			productName = TinyConstraints;
		};
/* End XCSwiftPackageProductDependency section */
	};
	rootObject = 5E149A1E26649D7B00B660B3 /* Project object */;
}
